// !$*UTF8*$!
{
	archiveVersion = 1;
	classes = {
	};
	objectVersion = 77;
	objects = {

/* Begin PBXBuildFile section */
		53AE60042F607B5400AB1A69 /* WidgetKit.framework in Frameworks */ = {isa = PBXBuildFile; fileRef = 53AE60032F607B5300AB1A69 /* WidgetKit.framework */; };
		53AE60062F607B5400AB1A69 /* SwiftUI.framework in Frameworks */ = {isa = PBXBuildFile; fileRef = 53AE60052F607B5400AB1A69 /* SwiftUI.framework */; };
		53AE60152F607B5700AB1A69 /* SmartMedeoWidgetExtension.appex in Embed Foundation Extensions */ = {isa = PBXBuildFile; fileRef = 53AE60012F607B5300AB1A69 /* SmartMedeoWidgetExtension.appex */; settings = {ATTRIBUTES = (RemoveHeadersOnCopy, ); }; };
		53FD864B2F3B91CA0066A14B /* Auth in Frameworks */ = {isa = PBXBuildFile; productRef = 53FD864A2F3B91CA0066A14B /* Auth */; };
		53FD864D2F3B91CA0066A14B /* Functions in Frameworks */ = {isa = PBXBuildFile; productRef = 53FD864C2F3B91CA0066A14B /* Functions */; };
		53FD864F2F3B91CA0066A14B /* PostgREST in Frameworks */ = {isa = PBXBuildFile; productRef = 53FD864E2F3B91CA0066A14B /* PostgREST */; };
		53FD86512F3B91CA0066A14B /* Realtime in Frameworks */ = {isa = PBXBuildFile; productRef = 53FD86502F3B91CA0066A14B /* Realtime */; };
		53FD86532F3B91CA0066A14B /* Storage in Frameworks */ = {isa = PBXBuildFile; productRef = 53FD86522F3B91CA0066A14B /* Storage */; };
		53FD86552F3B91CA0066A14B /* Supabase in Frameworks */ = {isa = PBXBuildFile; productRef = 53FD86542F3B91CA0066A14B /* Supabase */; };
/* End PBXBuildFile section */

/* Begin PBXContainerItemProxy section */
		53AE60132F607B5700AB1A69 /* PBXContainerItemProxy */ = {
			isa = PBXContainerItemProxy;
			containerPortal = 53FD85FE2F3B907D0066A14B /* Project object */;
			proxyType = 1;
			remoteGlobalIDString = 53AE60002F607B5300AB1A69;
			remoteInfo = SmartMedeoWidgetExtension;
		};
/* End PBXContainerItemProxy section */

/* Begin PBXCopyFilesBuildPhase section */
		53AE601A2F607B5700AB1A69 /* Embed Foundation Extensions */ = {
			isa = PBXCopyFilesBuildPhase;
			buildActionMask = 2147483647;
			dstPath = "";
			dstSubfolderSpec = 13;
			files = (
				53AE60152F607B5700AB1A69 /* SmartMedeoWidgetExtension.appex in Embed Foundation Extensions */,
			);
			name = "Embed Foundation Extensions";
			runOnlyForDeploymentPostprocessing = 0;
		};
/* End PBXCopyFilesBuildPhase section */

/* Begin PBXFileReference section */
		53AE60012F607B5300AB1A69 /* SmartMedeoWidgetExtension.appex */ = {isa = PBXFileReference; explicitFileType = "wrapper.app-extension"; includeInIndex = 0; path = SmartMedeoWidgetExtension.appex; sourceTree = BUILT_PRODUCTS_DIR; };
		53AE60032F607B5300AB1A69 /* WidgetKit.framework */ = {isa = PBXFileReference; lastKnownFileType = wrapper.framework; name = WidgetKit.framework; path = System/Library/Frameworks/WidgetKit.framework; sourceTree = SDKROOT; };
		53AE60052F607B5400AB1A69 /* SwiftUI.framework */ = {isa = PBXFileReference; lastKnownFileType = wrapper.framework; name = SwiftUI.framework; path = System/Library/Frameworks/SwiftUI.framework; sourceTree = SDKROOT; };
		53AE601C2F607BBF00AB1A69 /* SmartMedeoWidgetExtension.entitlements */ = {isa = PBXFileReference; lastKnownFileType = text.plist.entitlements; path = SmartMedeoWidgetExtension.entitlements; sourceTree = "<group>"; };
		53FD86062F3B907D0066A14B /* smart-meteo.app */ = {isa = PBXFileReference; explicitFileType = wrapper.application; includeInIndex = 0; path = "smart-meteo.app"; sourceTree = BUILT_PRODUCTS_DIR; };
/* End PBXFileReference section */

/* Begin PBXFileSystemSynchronizedBuildFileExceptionSet section */
		53AE60192F607B5700AB1A69 /* Exceptions for "SmartMedeoWidget" folder in "SmartMedeoWidgetExtension" target */ = {
			isa = PBXFileSystemSynchronizedBuildFileExceptionSet;
			membershipExceptions = (
				Info.plist,
			);
			target = 53AE60002F607B5300AB1A69 /* SmartMedeoWidgetExtension */;
		};
		53FD86572F3B92810066A14B /* Exceptions for "smart-meteo" folder in "smart-meteo" target */ = {
			isa = PBXFileSystemSynchronizedBuildFileExceptionSet;
			membershipExceptions = (
				Info.plist,
			);
			target = 53FD86052F3B907D0066A14B /* smart-meteo */;
		};
/* End PBXFileSystemSynchronizedBuildFileExceptionSet section */

/* Begin PBXFileSystemSynchronizedRootGroup section */
		53AE60072F607B5400AB1A69 /* SmartMedeoWidget */ = {
			isa = PBXFileSystemSynchronizedRootGroup;
			exceptions = (
				53AE60192F607B5700AB1A69 /* Exceptions for "SmartMedeoWidget" folder in "SmartMedeoWidgetExtension" target */,
			);
			path = SmartMedeoWidget;
			sourceTree = "<group>";
		};
		53FD86082F3B907D0066A14B /* smart-meteo */ = {
			isa = PBXFileSystemSynchronizedRootGroup;
			exceptions = (
				53FD86572F3B92810066A14B /* Exceptions for "smart-meteo" folder in "smart-meteo" target */,
			);
			path = "smart-meteo";
			sourceTree = "<group>";
		};
/* End PBXFileSystemSynchronizedRootGroup section */

/* Begin PBXFrameworksBuildPhase section */
		53AE5FFE2F607B5300AB1A69 /* Frameworks */ = {
			isa = PBXFrameworksBuildPhase;
			buildActionMask = 2147483647;
			files = (
				53AE60062F607B5400AB1A69 /* SwiftUI.framework in Frameworks */,
				53AE60042F607B5400AB1A69 /* WidgetKit.framework in Frameworks */,
			);
			runOnlyForDeploymentPostprocessing = 0;
		};
		53FD86032F3B907D0066A14B /* Frameworks */ = {
			isa = PBXFrameworksBuildPhase;
			buildActionMask = 2147483647;
			files = (
				53FD864F2F3B91CA0066A14B /* PostgREST in Frameworks */,
				53FD864D2F3B91CA0066A14B /* Functions in Frameworks */,
				53FD86552F3B91CA0066A14B /* Supabase in Frameworks */,
				53FD864B2F3B91CA0066A14B /* Auth in Frameworks */,
				53FD86532F3B91CA0066A14B /* Storage in Frameworks */,
				53FD86512F3B91CA0066A14B /* Realtime in Frameworks */,
			);
			runOnlyForDeploymentPostprocessing = 0;
		};
/* End PBXFrameworksBuildPhase section */

/* Begin PBXGroup section */
		53AE60022F607B5300AB1A69 /* Frameworks */ = {
			isa = PBXGroup;
			children = (
				53AE60032F607B5300AB1A69 /* WidgetKit.framework */,
				53AE60052F607B5400AB1A69 /* SwiftUI.framework */,
			);
			name = Frameworks;
			sourceTree = "<group>";
		};
		53FD85FD2F3B907D0066A14B = {
			isa = PBXGroup;
			children = (
				53AE601C2F607BBF00AB1A69 /* SmartMedeoWidgetExtension.entitlements */,
				53FD86082F3B907D0066A14B /* smart-meteo */,
				53AE60072F607B5400AB1A69 /* SmartMedeoWidget */,
				53AE60022F607B5300AB1A69 /* Frameworks */,
				53FD86072F3B907D0066A14B /* Products */,
			);
			sourceTree = "<group>";
		};
		53FD86072F3B907D0066A14B /* Products */ = {
			isa = PBXGroup;
			children = (
				53FD86062F3B907D0066A14B /* smart-meteo.app */,
				53AE60012F607B5300AB1A69 /* SmartMedeoWidgetExtension.appex */,
			);
			name = Products;
			sourceTree = "<group>";
		};
/* End PBXGroup section */

/* Begin PBXNativeTarget section */
		53AE60002F607B5300AB1A69 /* SmartMedeoWidgetExtension */ = {
			isa = PBXNativeTarget;
			buildConfigurationList = 53AE60162F607B5700AB1A69 /* Build configuration list for PBXNativeTarget "SmartMedeoWidgetExtension" */;
			buildPhases = (
				53AE5FFD2F607B5300AB1A69 /* Sources */,
				53AE5FFE2F607B5300AB1A69 /* Frameworks */,
				53AE5FFF2F607B5300AB1A69 /* Resources */,
			);
			buildRules = (
			);
			dependencies = (
			);
			fileSystemSynchronizedGroups = (
				53AE60072F607B5400AB1A69 /* SmartMedeoWidget */,
			);
			name = SmartMedeoWidgetExtension;
			packageProductDependencies = (
			);
			productName = SmartMedeoWidgetExtension;
			productReference = 53AE60012F607B5300AB1A69 /* SmartMedeoWidgetExtension.appex */;
			productType = "com.apple.product-type.app-extension";
		};
		53FD86052F3B907D0066A14B /* smart-meteo */ = {
			isa = PBXNativeTarget;
			buildConfigurationList = 53FD86112F3B907F0066A14B /* Build configuration list for PBXNativeTarget "smart-meteo" */;
			buildPhases = (
				53FD86022F3B907D0066A14B /* Sources */,
				53FD86032F3B907D0066A14B /* Frameworks */,
				53FD86042F3B907D0066A14B /* Resources */,
				53AE601A2F607B5700AB1A69 /* Embed Foundation Extensions */,
			);
			buildRules = (
			);
			dependencies = (
				53AE60142F607B5700AB1A69 /* PBXTargetDependency */,
			);
			fileSystemSynchronizedGroups = (
				53FD86082F3B907D0066A14B /* smart-meteo */,
			);
			name = "smart-meteo";
			packageProductDependencies = (
				53FD864A2F3B91CA0066A14B /* Auth */,
				53FD864C2F3B91CA0066A14B /* Functions */,
				53FD864E2F3B91CA0066A14B /* PostgREST */,
				53FD86502F3B91CA0066A14B /* Realtime */,
				53FD86522F3B91CA0066A14B /* Storage */,
				53FD86542F3B91CA0066A14B /* Supabase */,
			);
			productName = "smart-meteo";
			productReference = 53FD86062F3B907D0066A14B /* smart-meteo.app */;
			productType = "com.apple.product-type.application";
		};
/* End PBXNativeTarget section */

/* Begin PBXProject section */
		53FD85FE2F3B907D0066A14B /* Project object */ = {
			isa = PBXProject;
			attributes = {
				BuildIndependentTargetsInParallel = 1;
				LastSwiftUpdateCheck = 2630;
				LastUpgradeCheck = 2620;
				TargetAttributes = {
					53AE60002F607B5300AB1A69 = {
						CreatedOnToolsVersion = 26.3;
					};
					53FD86052F3B907D0066A14B = {
						CreatedOnToolsVersion = 26.2;
					};
				};
			};
			buildConfigurationList = 53FD86012F3B907D0066A14B /* Build configuration list for PBXProject "smart-meteo" */;
			developmentRegion = en;
			hasScannedForEncodings = 0;
			knownRegions = (
				en,
				Base,
			);
			mainGroup = 53FD85FD2F3B907D0066A14B;
			minimizedProjectReferenceProxies = 1;
			packageReferences = (
				53FD86492F3B91CA0066A14B /* XCRemoteSwiftPackageReference "supabase-swift" */,
			);
			preferredProjectObjectVersion = 77;
			productRefGroup = 53FD86072F3B907D0066A14B /* Products */;
			projectDirPath = "";
			projectRoot = "";
			targets = (
				53FD86052F3B907D0066A14B /* smart-meteo */,
				53AE60002F607B5300AB1A69 /* SmartMedeoWidgetExtension */,
			);
		};
/* End PBXProject section */

/* Begin PBXResourcesBuildPhase section */
		53AE5FFF2F607B5300AB1A69 /* Resources */ = {
			isa = PBXResourcesBuildPhase;
			buildActionMask = 2147483647;
			files = (
			);
			runOnlyForDeploymentPostprocessing = 0;
		};
		53FD86042F3B907D0066A14B /* Resources */ = {
			isa = PBXResourcesBuildPhase;
			buildActionMask = 2147483647;
			files = (
			);
			runOnlyForDeploymentPostprocessing = 0;
		};
/* End PBXResourcesBuildPhase section */

/* Begin PBXSourcesBuildPhase section */
		53AE5FFD2F607B5300AB1A69 /* Sources */ = {
			isa = PBXSourcesBuildPhase;
			buildActionMask = 2147483647;
			files = (
			);
			runOnlyForDeploymentPostprocessing = 0;
		};
		53FD86022F3B907D0066A14B /* Sources */ = {
			isa = PBXSourcesBuildPhase;
			buildActionMask = 2147483647;
			files = (
			);
			runOnlyForDeploymentPostprocessing = 0;
		};
/* End PBXSourcesBuildPhase section */

/* Begin PBXTargetDependency section */
		53AE60142F607B5700AB1A69 /* PBXTargetDependency */ = {
			isa = PBXTargetDependency;
			target = 53AE60002F607B5300AB1A69 /* SmartMedeoWidgetExtension */;
			targetProxy = 53AE60132F607B5700AB1A69 /* PBXContainerItemProxy */;
		};
/* End PBXTargetDependency section */

/* Begin XCBuildConfiguration section */
		53AE60172F607B5700AB1A69 /* Debug */ = {
			isa = XCBuildConfiguration;
			buildSettings = {
				ASSETCATALOG_COMPILER_GLOBAL_ACCENT_COLOR_NAME = AccentColor;
				ASSETCATALOG_COMPILER_WIDGET_BACKGROUND_COLOR_NAME = WidgetBackground;
				CODE_SIGN_ENTITLEMENTS = SmartMedeoWidgetExtension.entitlements;
				CODE_SIGN_STYLE = Automatic;
				CURRENT_PROJECT_VERSION = 1;
				DEVELOPMENT_TEAM = 4WE7VKWWKA;
				GENERATE_INFOPLIST_FILE = YES;
				INFOPLIST_FILE = SmartMedeoWidget/Info.plist;
				INFOPLIST_KEY_CFBundleDisplayName = SmartMedeoWidget;
				INFOPLIST_KEY_NSHumanReadableCopyright = "";
				LD_RUNPATH_SEARCH_PATHS = (
					"$(inherited)",
					"@executable_path/Frameworks",
					"@executable_path/../../Frameworks",
				);
				MARKETING_VERSION = 1.0;
				PRODUCT_BUNDLE_IDENTIFIER = "liagosoft.smart-meteo.SmartMedeoWidget";
				PRODUCT_NAME = "$(TARGET_NAME)";
				SKIP_INSTALL = YES;
				STRING_CATALOG_GENERATE_SYMBOLS = YES;
				SWIFT_APPROACHABLE_CONCURRENCY = YES;
				SWIFT_EMIT_LOC_STRINGS = YES;
				SWIFT_UPCOMING_FEATURE_MEMBER_IMPORT_VISIBILITY = YES;
				SWIFT_VERSION = 5.0;
				TARGETED_DEVICE_FAMILY = "1,2";
			};
			name = Debug;
		};
		53AE60182F607B5700AB1A69 /* Release */ = {
			isa = XCBuildConfiguration;
			buildSettings = {
				ASSETCATALOG_COMPILER_GLOBAL_ACCENT_COLOR_NAME = AccentColor;
				ASSETCATALOG_COMPILER_WIDGET_BACKGROUND_COLOR_NAME = WidgetBackground;
				CODE_SIGN_ENTITLEMENTS = SmartMedeoWidgetExtension.entitlements;
				CODE_SIGN_STYLE = Automatic;
				CURRENT_PROJECT_VERSION = 1;
				DEVELOPMENT_TEAM = 4WE7VKWWKA;
				GENERATE_INFOPLIST_FILE = YES;
				INFOPLIST_FILE = SmartMedeoWidget/Info.plist;
				INFOPLIST_KEY_CFBundleDisplayName = SmartMedeoWidget;
				INFOPLIST_KEY_NSHumanReadableCopyright = "";
				LD_RUNPATH_SEARCH_PATHS = (
					"$(inherited)",
					"@executable_path/Frameworks",
					"@executable_path/../../Frameworks",
				);
				MARKETING_VERSION = 1.0;
				PRODUCT_BUNDLE_IDENTIFIER = "liagosoft.smart-meteo.SmartMedeoWidget";
				PRODUCT_NAME = "$(TARGET_NAME)";
				SKIP_INSTALL = YES;
				STRING_CATALOG_GENERATE_SYMBOLS = YES;
				SWIFT_APPROACHABLE_CONCURRENCY = YES;
				SWIFT_EMIT_LOC_STRINGS = YES;
				SWIFT_UPCOMING_FEATURE_MEMBER_IMPORT_VISIBILITY = YES;
				SWIFT_VERSION = 5.0;
				TARGETED_DEVICE_FAMILY = "1,2";
			};
			name = Release;
		};
		53FD860F2F3B907F0066A14B /* Debug */ = {
			isa = XCBuildConfiguration;
			buildSettings = {
				ALWAYS_SEARCH_USER_PATHS = NO;
				ASSETCATALOG_COMPILER_GENERATE_SWIFT_ASSET_SYMBOL_EXTENSIONS = YES;
				CLANG_ANALYZER_NONNULL = YES;
				CLANG_ANALYZER_NUMBER_OBJECT_CONVERSION = YES_AGGRESSIVE;
				CLANG_CXX_LANGUAGE_STANDARD = "gnu++20";
				CLANG_ENABLE_MODULES = YES;
				CLANG_ENABLE_OBJC_ARC = YES;
				CLANG_ENABLE_OBJC_WEAK = YES;
				CLANG_WARN_BLOCK_CAPTURE_AUTORELEASING = YES;
				CLANG_WARN_BOOL_CONVERSION = YES;
				CLANG_WARN_COMMA = YES;
				CLANG_WARN_CONSTANT_CONVERSION = YES;
				CLANG_WARN_DEPRECATED_OBJC_IMPLEMENTATIONS = YES;
				CLANG_WARN_DIRECT_OBJC_ISA_USAGE = YES_ERROR;
				CLANG_WARN_DOCUMENTATION_COMMENTS = YES;
				CLANG_WARN_EMPTY_BODY = YES;
				CLANG_WARN_ENUM_CONVERSION = YES;
				CLANG_WARN_INFINITE_RECURSION = YES;
				CLANG_WARN_INT_CONVERSION = YES;
				CLANG_WARN_NON_LITERAL_NULL_CONVERSION = YES;
				CLANG_WARN_OBJC_IMPLICIT_RETAIN_SELF = YES;
				CLANG_WARN_OBJC_LITERAL_CONVERSION = YES;
				CLANG_WARN_OBJC_ROOT_CLASS = YES_ERROR;
				CLANG_WARN_QUOTED_INCLUDE_IN_FRAMEWORK_HEADER = YES;
				CLANG_WARN_RANGE_LOOP_ANALYSIS = YES;
				CLANG_WARN_STRICT_PROTOTYPES = YES;
				CLANG_WARN_SUSPICIOUS_MOVE = YES;
				CLANG_WARN_UNGUARDED_AVAILABILITY = YES_AGGRESSIVE;
				CLANG_WARN_UNREACHABLE_CODE = YES;
				CLANG_WARN__DUPLICATE_METHOD_MATCH = YES;
				COPY_PHASE_STRIP = NO;
				DEBUG_INFORMATION_FORMAT = dwarf;
				DEVELOPMENT_TEAM = 4WE7VKWWKA;
				ENABLE_STRICT_OBJC_MSGSEND = YES;
				ENABLE_TESTABILITY = YES;
				ENABLE_USER_SCRIPT_SANDBOXING = YES;
				GCC_C_LANGUAGE_STANDARD = gnu17;
				GCC_DYNAMIC_NO_PIC = NO;
				GCC_NO_COMMON_BLOCKS = YES;
				GCC_OPTIMIZATION_LEVEL = 0;
				GCC_PREPROCESSOR_DEFINITIONS = (
					"DEBUG=1",
					"$(inherited)",
				);
				GCC_WARN_64_TO_32_BIT_CONVERSION = YES;
				GCC_WARN_ABOUT_RETURN_TYPE = YES_ERROR;
				GCC_WARN_UNDECLARED_SELECTOR = YES;
				GCC_WARN_UNINITIALIZED_AUTOS = YES_AGGRESSIVE;
				GCC_WARN_UNUSED_FUNCTION = YES;
				GCC_WARN_UNUSED_VARIABLE = YES;
				IPHONEOS_DEPLOYMENT_TARGET = 26.2;
				LOCALIZATION_PREFERS_STRING_CATALOGS = YES;
				MTL_ENABLE_DEBUG_INFO = INCLUDE_SOURCE;
				MTL_FAST_MATH = YES;
				ONLY_ACTIVE_ARCH = YES;
				SDKROOT = iphoneos;
				SWIFT_ACTIVE_COMPILATION_CONDITIONS = "DEBUG $(inherited)";
				SWIFT_OPTIMIZATION_LEVEL = "-Onone";
			};
			name = Debug;
		};
		53FD86102F3B907F0066A14B /* Release */ = {
			isa = XCBuildConfiguration;
			buildSettings = {
				ALWAYS_SEARCH_USER_PATHS = NO;
				ASSETCATALOG_COMPILER_GENERATE_SWIFT_ASSET_SYMBOL_EXTENSIONS = YES;
				CLANG_ANALYZER_NONNULL = YES;
				CLANG_ANALYZER_NUMBER_OBJECT_CONVERSION = YES_AGGRESSIVE;
				CLANG_CXX_LANGUAGE_STANDARD = "gnu++20";
				CLANG_ENABLE_MODULES = YES;
				CLANG_ENABLE_OBJC_ARC = YES;
				CLANG_ENABLE_OBJC_WEAK = YES;
				CLANG_WARN_BLOCK_CAPTURE_AUTORELEASING = YES;
				CLANG_WARN_BOOL_CONVERSION = YES;
				CLANG_WARN_COMMA = YES;
				CLANG_WARN_CONSTANT_CONVERSION = YES;
				CLANG_WARN_DEPRECATED_OBJC_IMPLEMENTATIONS = YES;
				CLANG_WARN_DIRECT_OBJC_ISA_USAGE = YES_ERROR;
				CLANG_WARN_DOCUMENTATION_COMMENTS = YES;
				CLANG_WARN_EMPTY_BODY = YES;
				CLANG_WARN_ENUM_CONVERSION = YES;
				CLANG_WARN_INFINITE_RECURSION = YES;
				CLANG_WARN_INT_CONVERSION = YES;
				CLANG_WARN_NON_LITERAL_NULL_CONVERSION = YES;
				CLANG_WARN_OBJC_IMPLICIT_RETAIN_SELF = YES;
				CLANG_WARN_OBJC_LITERAL_CONVERSION = YES;
				CLANG_WARN_OBJC_ROOT_CLASS = YES_ERROR;
				CLANG_WARN_QUOTED_INCLUDE_IN_FRAMEWORK_HEADER = YES;
				CLANG_WARN_RANGE_LOOP_ANALYSIS = YES;
				CLANG_WARN_STRICT_PROTOTYPES = YES;
				CLANG_WARN_SUSPICIOUS_MOVE = YES;
				CLANG_WARN_UNGUARDED_AVAILABILITY = YES_AGGRESSIVE;
				CLANG_WARN_UNREACHABLE_CODE = YES;
				CLANG_WARN__DUPLICATE_METHOD_MATCH = YES;
				COPY_PHASE_STRIP = NO;
				DEBUG_INFORMATION_FORMAT = "dwarf-with-dsym";
				DEVELOPMENT_TEAM = 4WE7VKWWKA;
				ENABLE_NS_ASSERTIONS = NO;
				ENABLE_STRICT_OBJC_MSGSEND = YES;
				ENABLE_USER_SCRIPT_SANDBOXING = YES;
				GCC_C_LANGUAGE_STANDARD = gnu17;
				GCC_NO_COMMON_BLOCKS = YES;
				GCC_WARN_64_TO_32_BIT_CONVERSION = YES;
				GCC_WARN_ABOUT_RETURN_TYPE = YES_ERROR;
				GCC_WARN_UNDECLARED_SELECTOR = YES;
				GCC_WARN_UNINITIALIZED_AUTOS = YES_AGGRESSIVE;
				GCC_WARN_UNUSED_FUNCTION = YES;
				GCC_WARN_UNUSED_VARIABLE = YES;
				IPHONEOS_DEPLOYMENT_TARGET = 26.2;
				LOCALIZATION_PREFERS_STRING_CATALOGS = YES;
				MTL_ENABLE_DEBUG_INFO = NO;
				MTL_FAST_MATH = YES;
				SDKROOT = iphoneos;
				SWIFT_COMPILATION_MODE = wholemodule;
				VALIDATE_PRODUCT = YES;
			};
			name = Release;
		};
		53FD86122F3B907F0066A14B /* Debug */ = {
			isa = XCBuildConfiguration;
			buildSettings = {
				ASSETCATALOG_COMPILER_APPICON_NAME = AppIcon;
				ASSETCATALOG_COMPILER_GLOBAL_ACCENT_COLOR_NAME = AccentColor;
				CODE_SIGN_ENTITLEMENTS = "smart-meteo/smart-meteo.entitlements";
				CODE_SIGN_STYLE = Automatic;
				CURRENT_PROJECT_VERSION = 1;
				DEVELOPMENT_TEAM = 4WE7VKWWKA;
				ENABLE_PREVIEWS = YES;
				GENERATE_INFOPLIST_FILE = YES;
				INFOPLIST_FILE = "smart-meteo/Info.plist";
				INFOPLIST_KEY_CFBundleDisplayName = "Smart Meteo";
				INFOPLIST_KEY_LSApplicationCategoryType = "public.app-category.utilities";
				INFOPLIST_KEY_NSLocationWhenInUseUsageDescription = "Smart Meteo needs your location to provide accurate local weather forecasts.";
				INFOPLIST_KEY_UIApplicationSceneManifest_Generation = YES;
				INFOPLIST_KEY_UIApplicationSupportsIndirectInputEvents = YES;
				INFOPLIST_KEY_UILaunchScreen_Generation = YES;
				INFOPLIST_KEY_UISupportedInterfaceOrientations = "UIInterfaceOrientationLandscapeLeft UIInterfaceOrientationLandscapeRight UIInterfaceOrientationPortrait UIInterfaceOrientationPortraitUpsideDown";
				LD_RUNPATH_SEARCH_PATHS = (
					"$(inherited)",
					"@executable_path/Frameworks",
				);
				MARKETING_VERSION = 1.0;
				PRODUCT_BUNDLE_IDENTIFIER = "liagosoft.smart-meteo";
				PRODUCT_NAME = "$(TARGET_NAME)";
				STRING_CATALOG_GENERATE_SYMBOLS = YES;
				SUPPORTED_PLATFORMS = "iphoneos iphonesimulator";
				SUPPORTS_MACCATALYST = NO;
				SUPPORTS_MAC_DESIGNED_FOR_IPHONE_IPAD = NO;
				SUPPORTS_XR_DESIGNED_FOR_IPHONE_IPAD = NO;
				SWIFT_APPROACHABLE_CONCURRENCY = YES;
				SWIFT_DEFAULT_ACTOR_ISOLATION = MainActor;
				SWIFT_EMIT_LOC_STRINGS = YES;
				SWIFT_UPCOMING_FEATURE_MEMBER_IMPORT_VISIBILITY = YES;
				SWIFT_VERSION = 5.0;
				TARGETED_DEVICE_FAMILY = "1,2";
			};
			name = Debug;
		};
		53FD86132F3B907F0066A14B /* Release */ = {
			isa = XCBuildConfiguration;
			buildSettings = {
				ASSETCATALOG_COMPILER_APPICON_NAME = AppIcon;
				ASSETCATALOG_COMPILER_GLOBAL_ACCENT_COLOR_NAME = AccentColor;
				CODE_SIGN_ENTITLEMENTS = "smart-meteo/smart-meteo.entitlements";
				CODE_SIGN_STYLE = Automatic;
				CURRENT_PROJECT_VERSION = 1;
				DEVELOPMENT_TEAM = 4WE7VKWWKA;
				ENABLE_PREVIEWS = YES;
				GENERATE_INFOPLIST_FILE = YES;
				INFOPLIST_FILE = "smart-meteo/Info.plist";
				INFOPLIST_KEY_CFBundleDisplayName = "Smart Meteo";
				INFOPLIST_KEY_LSApplicationCategoryType = "public.app-category.utilities";
				INFOPLIST_KEY_NSLocationWhenInUseUsageDescription = "Smart Meteo needs your location to provide accurate local weather forecasts.";
				INFOPLIST_KEY_UIApplicationSceneManifest_Generation = YES;
				INFOPLIST_KEY_UIApplicationSupportsIndirectInputEvents = YES;
				INFOPLIST_KEY_UILaunchScreen_Generation = YES;
				INFOPLIST_KEY_UISupportedInterfaceOrientations = "UIInterfaceOrientationLandscapeLeft UIInterfaceOrientationLandscapeRight UIInterfaceOrientationPortrait UIInterfaceOrientationPortraitUpsideDown";
				LD_RUNPATH_SEARCH_PATHS = (
					"$(inherited)",
					"@executable_path/Frameworks",
				);
				MARKETING_VERSION = 1.0;
				PRODUCT_BUNDLE_IDENTIFIER = "liagosoft.smart-meteo";
				PRODUCT_NAME = "$(TARGET_NAME)";
				STRING_CATALOG_GENERATE_SYMBOLS = YES;
				SUPPORTED_PLATFORMS = "iphoneos iphonesimulator";
				SUPPORTS_MACCATALYST = NO;
				SUPPORTS_MAC_DESIGNED_FOR_IPHONE_IPAD = NO;
				SUPPORTS_XR_DESIGNED_FOR_IPHONE_IPAD = NO;
				SWIFT_APPROACHABLE_CONCURRENCY = YES;
				SWIFT_DEFAULT_ACTOR_ISOLATION = MainActor;
				SWIFT_EMIT_LOC_STRINGS = YES;
				SWIFT_UPCOMING_FEATURE_MEMBER_IMPORT_VISIBILITY = YES;
				SWIFT_VERSION = 5.0;
				TARGETED_DEVICE_FAMILY = "1,2";
			};
			name = Release;
		};
/* End XCBuildConfiguration section */

/* Begin XCConfigurationList section */
		53AE60162F607B5700AB1A69 /* Build configuration list for PBXNativeTarget "SmartMedeoWidgetExtension" */ = {
			isa = XCConfigurationList;
			buildConfigurations = (
				53AE60172F607B5700AB1A69 /* Debug */,
				53AE60182F607B5700AB1A69 /* Release */,
			);
			defaultConfigurationIsVisible = 0;
			defaultConfigurationName = Release;
		};
		53FD86012F3B907D0066A14B /* Build configuration list for PBXProject "smart-meteo" */ = {
			isa = XCConfigurationList;
			buildConfigurations = (
				53FD860F2F3B907F0066A14B /* Debug */,
				53FD86102F3B907F0066A14B /* Release */,
			);
			defaultConfigurationIsVisible = 0;
			defaultConfigurationName = Release;
		};
		53FD86112F3B907F0066A14B /* Build configuration list for PBXNativeTarget "smart-meteo" */ = {
			isa = XCConfigurationList;
			buildConfigurations = (
				53FD86122F3B907F0066A14B /* Debug */,
				53FD86132F3B907F0066A14B /* Release */,
			);
			defaultConfigurationIsVisible = 0;
			defaultConfigurationName = Release;
		};
/* End XCConfigurationList section */

/* Begin XCRemoteSwiftPackageReference section */
		53FD86492F3B91CA0066A14B /* XCRemoteSwiftPackageReference "supabase-swift" */ = {
			isa = XCRemoteSwiftPackageReference;
			repositoryURL = "https://github.com/supabase/supabase-swift";
			requirement = {
				kind = upToNextMajorVersion;
				minimumVersion = 2.5.1;
			};
		};
/* End XCRemoteSwiftPackageReference section */

/* Begin XCSwiftPackageProductDependency section */
		53FD864A2F3B91CA0066A14B /* Auth */ = {
			isa = XCSwiftPackageProductDependency;
			package = 53FD86492F3B91CA0066A14B /* XCRemoteSwiftPackageReference "supabase-swift" */;
			productName = Auth;
		};
		53FD864C2F3B91CA0066A14B /* Functions */ = {
			isa = XCSwiftPackageProductDependency;
			package = 53FD86492F3B91CA0066A14B /* XCRemoteSwiftPackageReference "supabase-swift" */;
			productName = Functions;
		};
		53FD864E2F3B91CA0066A14B /* PostgREST */ = {
			isa = XCSwiftPackageProductDependency;
			package = 53FD86492F3B91CA0066A14B /* XCRemoteSwiftPackageReference "supabase-swift" */;
			productName = PostgREST;
		};
		53FD86502F3B91CA0066A14B /* Realtime */ = {
			isa = XCSwiftPackageProductDependency;
			package = 53FD86492F3B91CA0066A14B /* XCRemoteSwiftPackageReference "supabase-swift" */;
			productName = Realtime;
		};
		53FD86522F3B91CA0066A14B /* Storage */ = {
			isa = XCSwiftPackageProductDependency;
			package = 53FD86492F3B91CA0066A14B /* XCRemoteSwiftPackageReference "supabase-swift" */;
			productName = Storage;
		};
		53FD86542F3B91CA0066A14B /* Supabase */ = {
			isa = XCSwiftPackageProductDependency;
			package = 53FD86492F3B91CA0066A14B /* XCRemoteSwiftPackageReference "supabase-swift" */;
			productName = Supabase;
		};
/* End XCSwiftPackageProductDependency section */
	};
	rootObject = 53FD85FE2F3B907D0066A14B /* Project object */;
}
